# This file was autogenerated by Stack.
# You should not edit this file by hand.
# For more information, please see the documentation at:
#   https://docs.haskellstack.org/en/stable/lock_files

packages:
- completed:
    hackage: megaparsec-9.6.1@sha256:8d8f8ee5aca5d5c16aa4219afd13687ceab8be640f40ba179359f2b42a628241,3323
    pantry-tree:
      sha256: ac654040a2402a733496678905ee17198bf628d75032dd025d595bd329739af8
      size: 1545
  original:
    hackage: megaparsec-9.6.1
- completed:
    hackage: scientific-0.3.8.0@sha256:acb4a24641487f230dda24383d9f7d1737a178ccc812373bc8c14f2b0378795e,4358
    pantry-tree:
      sha256: 178bbe09cb2d2a4cc4d590efeb77d7b400837ec8c1a11e2d21d93345d5f661e9
      size: 657
  original:
    hackage: scientific-0.3.8.0
- completed:
    hackage: primitive-0.9.0.0@sha256:2e08c5409e3559c7f1669ef50e9a0d9a397e68ecf51110d5e2cedf05cdd7d93c,3171
    pantry-tree:
      sha256: a862f3979a8ed2ae047287de3c7376f749ee97d5a27c9c55a4c6d94ffb7d1601
      size: 1793
  original:
    hackage: primitive-0.9.0.0
- completed:
    hackage: hspec-2.11.9@sha256:6e7fb7a40404f11b028f1b19f07779887b2c8af04cbae7eaea73e83c440954c7,1763
    pantry-tree:
      sha256: 011f3767b57b7ecc9b34c390a6a0f9951bb0e503401365cf99ab79316ab2a898
      size: 584
  original:
    hackage: hspec-2.11.9
- completed:
    hackage: hspec-core-2.11.9@sha256:a38fdefae046551335b56300e19b1ab2f902aa6401d1eb374e5ea81df85f6997,6826
    pantry-tree:
      sha256: 6ed4738349e4f030337bb0d1ee21e7191f47cbbe034395259ba9c39f49e14b25
      size: 6233
  original:
    hackage: hspec-core-2.11.9
- completed:
    hackage: hspec-discover-2.11.9@sha256:74c689bf33d7373bac5d4ffe273fe0b034d277c30aa2a23d3790d5b365dbdf1c,2169
    pantry-tree:
      sha256: 9ab82dd8116be450aa1c6aedce68e6d4ce3993e59fae31021d9903f6233950db
      size: 829
  original:
    hackage: hspec-discover-2.11.9
- completed:
    hackage: hspec-megaparsec-2.2.1@sha256:da19aa455fc9a208f66578ca808fa6c49d17f4e439193bbca79bbf95c9ee2028,1664
    pantry-tree:
      sha256: ca2b4601cfe33e6586982f10b5bf4a6e1ed0512759c46c77df621db752b41b16
      size: 339
  original:
    hackage: hspec-megaparsec-2.2.1
snapshots:
- completed:
    sha256: 73ad581de7c5306278aec7706cafaf3b1c2eb7abf4ab586e4d9dc675c6106c4e
    size: 718708
    url: https://raw.githubusercontent.com/commercialhaskell/stackage-snapshots/master/lts/22/23.yaml
  original:
    url: https://raw.githubusercontent.com/commercialhaskell/stackage-snapshots/master/lts/22/23.yaml
